// !$*UTF8*$!
{
	archiveVersion = 1;
	classes = {
	};
	objectVersion = 46;
	objects = {

/* Begin PBXBuildFile section */
		6B8464F219EF10B3006E63C5 /* ThumbnailContainer.swift in Sources */ = {isa = PBXBuildFile; fileRef = 6B8464F119EF10B3006E63C5 /* ThumbnailContainer.swift */; };
		6B8464F419EF10C8006E63C5 /* ThumbnailCell.swift in Sources */ = {isa = PBXBuildFile; fileRef = 6B8464F319EF10C8006E63C5 /* ThumbnailCell.swift */; };
		6BA1142F19EDD51A0080576C /* Filter.swift in Sources */ = {isa = PBXBuildFile; fileRef = 6BA1142E19EDD51A0080576C /* Filter.swift */; };
		6BA1143419EDEAFE0080576C /* edmPic1.jpg in Resources */ = {isa = PBXBuildFile; fileRef = 6BA1143019EDEAFE0080576C /* edmPic1.jpg */; };
		6BA1143519EDEAFE0080576C /* edmPic2.jpg in Resources */ = {isa = PBXBuildFile; fileRef = 6BA1143119EDEAFE0080576C /* edmPic2.jpg */; };
		6BA1143619EDEAFE0080576C /* edmPic3.jpg in Resources */ = {isa = PBXBuildFile; fileRef = 6BA1143219EDEAFE0080576C /* edmPic3.jpg */; };
		6BA1143719EDEAFE0080576C /* edmPic4.jpg in Resources */ = {isa = PBXBuildFile; fileRef = 6BA1143319EDEAFE0080576C /* edmPic4.jpg */; };
		6BAA63C119EC3468007AEFB8 /* AppDelegate.swift in Sources */ = {isa = PBXBuildFile; fileRef = 6BAA63C019EC3468007AEFB8 /* AppDelegate.swift */; };
		6BAA63C419EC3468007AEFB8 /* PhotoFilters.xcdatamodeld in Sources */ = {isa = PBXBuildFile; fileRef = 6BAA63C219EC3468007AEFB8 /* PhotoFilters.xcdatamodeld */; };
		6BAA63C619EC3468007AEFB8 /* ViewController.swift in Sources */ = {isa = PBXBuildFile; fileRef = 6BAA63C519EC3468007AEFB8 /* ViewController.swift */; };
		6BAA63C919EC3468007AEFB8 /* Main.storyboard in Resources */ = {isa = PBXBuildFile; fileRef = 6BAA63C719EC3468007AEFB8 /* Main.storyboard */; };
		6BAA63CB19EC3468007AEFB8 /* Images.xcassets in Resources */ = {isa = PBXBuildFile; fileRef = 6BAA63CA19EC3468007AEFB8 /* Images.xcassets */; };
		6BAA63CE19EC3468007AEFB8 /* LaunchScreen.xib in Resources */ = {isa = PBXBuildFile; fileRef = 6BAA63CC19EC3468007AEFB8 /* LaunchScreen.xib */; };
		6BAA63DA19EC3468007AEFB8 /* PhotoFiltersTests.swift in Sources */ = {isa = PBXBuildFile; fileRef = 6BAA63D919EC3468007AEFB8 /* PhotoFiltersTests.swift */; };
		6BAA63E719EC3C85007AEFB8 /* GalleryViewController.swift in Sources */ = {isa = PBXBuildFile; fileRef = 6BAA63E619EC3C85007AEFB8 /* GalleryViewController.swift */; };
		6BAA641F19EC42E7007AEFB8 /* GalleryCell.swift in Sources */ = {isa = PBXBuildFile; fileRef = 6BAA641E19EC42E7007AEFB8 /* GalleryCell.swift */; };
		6BAA645619EC8389007AEFB8 /* Header.swift in Sources */ = {isa = PBXBuildFile; fileRef = 6BAA645519EC8389007AEFB8 /* Header.swift */; };
		6BAA645819EC8397007AEFB8 /* Footer.swift in Sources */ = {isa = PBXBuildFile; fileRef = 6BAA645719EC8397007AEFB8 /* Footer.swift */; };
/* End PBXBuildFile section */

/* Begin PBXContainerItemProxy section */
		6BAA63D419EC3468007AEFB8 /* PBXContainerItemProxy */ = {
			isa = PBXContainerItemProxy;
			containerPortal = 6BAA63B319EC3468007AEFB8 /* Project object */;
			proxyType = 1;
			remoteGlobalIDString = 6BAA63BA19EC3468007AEFB8;
			remoteInfo = PhotoFilters;
		};
/* End PBXContainerItemProxy section */

/* Begin PBXFileReference section */
		6B8464F119EF10B3006E63C5 /* ThumbnailContainer.swift */ = {isa = PBXFileReference; fileEncoding = 4; lastKnownFileType = sourcecode.swift; path = ThumbnailContainer.swift; sourceTree = "<group>"; };
		6B8464F319EF10C8006E63C5 /* ThumbnailCell.swift */ = {isa = PBXFileReference; fileEncoding = 4; lastKnownFileType = sourcecode.swift; path = ThumbnailCell.swift; sourceTree = "<group>"; };
		6BA1142E19EDD51A0080576C /* Filter.swift */ = {isa = PBXFileReference; fileEncoding = 4; lastKnownFileType = sourcecode.swift; path = Filter.swift; sourceTree = "<group>"; };
		6BA1143019EDEAFE0080576C /* edmPic1.jpg */ = {isa = PBXFileReference; lastKnownFileType = image.jpeg; path = edmPic1.jpg; sourceTree = "<group>"; };
		6BA1143119EDEAFE0080576C /* edmPic2.jpg */ = {isa = PBXFileReference; lastKnownFileType = image.jpeg; path = edmPic2.jpg; sourceTree = "<group>"; };
		6BA1143219EDEAFE0080576C /* edmPic3.jpg */ = {isa = PBXFileReference; lastKnownFileType = image.jpeg; path = edmPic3.jpg; sourceTree = "<group>"; };
		6BA1143319EDEAFE0080576C /* edmPic4.jpg */ = {isa = PBXFileReference; lastKnownFileType = image.jpeg; path = edmPic4.jpg; sourceTree = "<group>"; };
		6BAA63BB19EC3468007AEFB8 /* PhotoFilters.app */ = {isa = PBXFileReference; explicitFileType = wrapper.application; includeInIndex = 0; path = PhotoFilters.app; sourceTree = BUILT_PRODUCTS_DIR; };
		6BAA63BF19EC3468007AEFB8 /* Info.plist */ = {isa = PBXFileReference; lastKnownFileType = text.plist.xml; path = Info.plist; sourceTree = "<group>"; };
		6BAA63C019EC3468007AEFB8 /* AppDelegate.swift */ = {isa = PBXFileReference; lastKnownFileType = sourcecode.swift; path = AppDelegate.swift; sourceTree = "<group>"; };
		6BAA63C319EC3468007AEFB8 /* PhotoFilters.xcdatamodel */ = {isa = PBXFileReference; lastKnownFileType = wrapper.xcdatamodel; path = PhotoFilters.xcdatamodel; sourceTree = "<group>"; };
		6BAA63C519EC3468007AEFB8 /* ViewController.swift */ = {isa = PBXFileReference; lastKnownFileType = sourcecode.swift; path = ViewController.swift; sourceTree = "<group>"; };
		6BAA63C819EC3468007AEFB8 /* Base */ = {isa = PBXFileReference; lastKnownFileType = file.storyboard; name = Base; path = Base.lproj/Main.storyboard; sourceTree = "<group>"; };
		6BAA63CA19EC3468007AEFB8 /* Images.xcassets */ = {isa = PBXFileReference; lastKnownFileType = folder.assetcatalog; path = Images.xcassets; sourceTree = "<group>"; };
		6BAA63CD19EC3468007AEFB8 /* Base */ = {isa = PBXFileReference; lastKnownFileType = file.xib; name = Base; path = Base.lproj/LaunchScreen.xib; sourceTree = "<group>"; };
		6BAA63D319EC3468007AEFB8 /* PhotoFiltersTests.xctest */ = {isa = PBXFileReference; explicitFileType = wrapper.cfbundle; includeInIndex = 0; path = PhotoFiltersTests.xctest; sourceTree = BUILT_PRODUCTS_DIR; };
		6BAA63D819EC3468007AEFB8 /* Info.plist */ = {isa = PBXFileReference; lastKnownFileType = text.plist.xml; path = Info.plist; sourceTree = "<group>"; };
		6BAA63D919EC3468007AEFB8 /* PhotoFiltersTests.swift */ = {isa = PBXFileReference; lastKnownFileType = sourcecode.swift; path = PhotoFiltersTests.swift; sourceTree = "<group>"; };
		6BAA63E619EC3C85007AEFB8 /* GalleryViewController.swift */ = {isa = PBXFileReference; fileEncoding = 4; lastKnownFileType = sourcecode.swift; path = GalleryViewController.swift; sourceTree = "<group>"; };
		6BAA641E19EC42E7007AEFB8 /* GalleryCell.swift */ = {isa = PBXFileReference; fileEncoding = 4; lastKnownFileType = sourcecode.swift; path = GalleryCell.swift; sourceTree = "<group>"; };
		6BAA645519EC8389007AEFB8 /* Header.swift */ = {isa = PBXFileReference; fileEncoding = 4; lastKnownFileType = sourcecode.swift; path = Header.swift; sourceTree = "<group>"; };
		6BAA645719EC8397007AEFB8 /* Footer.swift */ = {isa = PBXFileReference; fileEncoding = 4; lastKnownFileType = sourcecode.swift; path = Footer.swift; sourceTree = "<group>"; };
/* End PBXFileReference section */

/* Begin PBXFrameworksBuildPhase section */
		6BAA63B819EC3468007AEFB8 /* Frameworks */ = {
			isa = PBXFrameworksBuildPhase;
			buildActionMask = 2147483647;
			files = (
			);
			runOnlyForDeploymentPostprocessing = 0;
		};
		6BAA63D019EC3468007AEFB8 /* Frameworks */ = {
			isa = PBXFrameworksBuildPhase;
			buildActionMask = 2147483647;
			files = (
			);
			runOnlyForDeploymentPostprocessing = 0;
		};
/* End PBXFrameworksBuildPhase section */

/* Begin PBXGroup section */
		6BAA63B219EC3468007AEFB8 = {
			isa = PBXGroup;
			children = (
				6BAA63BD19EC3468007AEFB8 /* PhotoFilters */,
				6BAA63D619EC3468007AEFB8 /* PhotoFiltersTests */,
				6BAA63BC19EC3468007AEFB8 /* Products */,
			);
			sourceTree = "<group>";
		};
		6BAA63BC19EC3468007AEFB8 /* Products */ = {
			isa = PBXGroup;
			children = (
				6BAA63BB19EC3468007AEFB8 /* PhotoFilters.app */,
				6BAA63D319EC3468007AEFB8 /* PhotoFiltersTests.xctest */,
			);
			name = Products;
			sourceTree = "<group>";
		};
		6BAA63BD19EC3468007AEFB8 /* PhotoFilters */ = {
			isa = PBXGroup;
			children = (
				6BAA63E419EC3483007AEFB8 /* Controller */,
				6BAA63E319EC347E007AEFB8 /* Model */,
				6BAA63E519EC3488007AEFB8 /* View */,
				6BAA63C019EC3468007AEFB8 /* AppDelegate.swift */,
				6BAA63CA19EC3468007AEFB8 /* Images.xcassets */,
				6BAA63CC19EC3468007AEFB8 /* LaunchScreen.xib */,
				6BAA63C219EC3468007AEFB8 /* PhotoFilters.xcdatamodeld */,
				6BAA63BE19EC3468007AEFB8 /* Supporting Files */,
			);
			path = PhotoFilters;
			sourceTree = "<group>";
		};
		6BAA63BE19EC3468007AEFB8 /* Supporting Files */ = {
			isa = PBXGroup;
			children = (
				6BA1143019EDEAFE0080576C /* edmPic1.jpg */,
				6BA1143119EDEAFE0080576C /* edmPic2.jpg */,
				6BA1143219EDEAFE0080576C /* edmPic3.jpg */,
				6BA1143319EDEAFE0080576C /* edmPic4.jpg */,
				6BAA63BF19EC3468007AEFB8 /* Info.plist */,
			);
			name = "Supporting Files";
			sourceTree = "<group>";
		};
		6BAA63D619EC3468007AEFB8 /* PhotoFiltersTests */ = {
			isa = PBXGroup;
			children = (
				6BAA63D919EC3468007AEFB8 /* PhotoFiltersTests.swift */,
				6BAA63D719EC3468007AEFB8 /* Supporting Files */,
			);
			path = PhotoFiltersTests;
			sourceTree = "<group>";
		};
		6BAA63D719EC3468007AEFB8 /* Supporting Files */ = {
			isa = PBXGroup;
			children = (
				6BAA63D819EC3468007AEFB8 /* Info.plist */,
			);
			name = "Supporting Files";
			sourceTree = "<group>";
		};
		6BAA63E319EC347E007AEFB8 /* Model */ = {
			isa = PBXGroup;
			children = (
				6BA1142E19EDD51A0080576C /* Filter.swift */,
				6B8464F119EF10B3006E63C5 /* ThumbnailContainer.swift */,
			);
			name = Model;
			sourceTree = "<group>";
		};
		6BAA63E419EC3483007AEFB8 /* Controller */ = {
			isa = PBXGroup;
			children = (
				6BAA63C519EC3468007AEFB8 /* ViewController.swift */,
				6BAA63E619EC3C85007AEFB8 /* GalleryViewController.swift */,
			);
			name = Controller;
			sourceTree = "<group>";
		};
		6BAA63E519EC3488007AEFB8 /* View */ = {
			isa = PBXGroup;
			children = (
				6BAA63C719EC3468007AEFB8 /* Main.storyboard */,
				6BAA641E19EC42E7007AEFB8 /* GalleryCell.swift */,
				6B8464F319EF10C8006E63C5 /* ThumbnailCell.swift */,
				6BAA645519EC8389007AEFB8 /* Header.swift */,
				6BAA645719EC8397007AEFB8 /* Footer.swift */,
			);
			name = View;
			sourceTree = "<group>";
		};
/* End PBXGroup section */

/* Begin PBXNativeTarget section */
		6BAA63BA19EC3468007AEFB8 /* PhotoFilters */ = {
			isa = PBXNativeTarget;
			buildConfigurationList = 6BAA63DD19EC3468007AEFB8 /* Build configuration list for PBXNativeTarget "PhotoFilters" */;
			buildPhases = (
				6BAA63B719EC3468007AEFB8 /* Sources */,
				6BAA63B819EC3468007AEFB8 /* Frameworks */,
				6BAA63B919EC3468007AEFB8 /* Resources */,
			);
			buildRules = (
			);
			dependencies = (
			);
			name = PhotoFilters;
			productName = PhotoFilters;
			productReference = 6BAA63BB19EC3468007AEFB8 /* PhotoFilters.app */;
			productType = "com.apple.product-type.application";
		};
		6BAA63D219EC3468007AEFB8 /* PhotoFiltersTests */ = {
			isa = PBXNativeTarget;
			buildConfigurationList = 6BAA63E019EC3468007AEFB8 /* Build configuration list for PBXNativeTarget "PhotoFiltersTests" */;
			buildPhases = (
				6BAA63CF19EC3468007AEFB8 /* Sources */,
				6BAA63D019EC3468007AEFB8 /* Frameworks */,
				6BAA63D119EC3468007AEFB8 /* Resources */,
			);
			buildRules = (
			);
			dependencies = (
				6BAA63D519EC3468007AEFB8 /* PBXTargetDependency */,
			);
			name = PhotoFiltersTests;
			productName = PhotoFiltersTests;
			productReference = 6BAA63D319EC3468007AEFB8 /* PhotoFiltersTests.xctest */;
			productType = "com.apple.product-type.bundle.unit-test";
		};
/* End PBXNativeTarget section */

/* Begin PBXProject section */
		6BAA63B319EC3468007AEFB8 /* Project object */ = {
			isa = PBXProject;
			attributes = {
				LastUpgradeCheck = 0600;
				ORGANIZATIONNAME = "Jeff Chavez";
				TargetAttributes = {
					6BAA63BA19EC3468007AEFB8 = {
						CreatedOnToolsVersion = 6.0;
					};
					6BAA63D219EC3468007AEFB8 = {
						CreatedOnToolsVersion = 6.0;
						TestTargetID = 6BAA63BA19EC3468007AEFB8;
					};
				};
			};
			buildConfigurationList = 6BAA63B619EC3468007AEFB8 /* Build configuration list for PBXProject "PhotoFilters" */;
			compatibilityVersion = "Xcode 3.2";
			developmentRegion = English;
			hasScannedForEncodings = 0;
			knownRegions = (
				en,
				Base,
			);
			mainGroup = 6BAA63B219EC3468007AEFB8;
			productRefGroup = 6BAA63BC19EC3468007AEFB8 /* Products */;
			projectDirPath = "";
			projectRoot = "";
			targets = (
				6BAA63BA19EC3468007AEFB8 /* PhotoFilters */,
				6BAA63D219EC3468007AEFB8 /* PhotoFiltersTests */,
			);
		};
/* End PBXProject section */

/* Begin PBXResourcesBuildPhase section */
		6BAA63B919EC3468007AEFB8 /* Resources */ = {
			isa = PBXResourcesBuildPhase;
			buildActionMask = 2147483647;
			files = (
				6BAA63C919EC3468007AEFB8 /* Main.storyboard in Resources */,
				6BA1143619EDEAFE0080576C /* edmPic3.jpg in Resources */,
				6BA1143419EDEAFE0080576C /* edmPic1.jpg in Resources */,
				6BA1143719EDEAFE0080576C /* edmPic4.jpg in Resources */,
				6BAA63CE19EC3468007AEFB8 /* LaunchScreen.xib in Resources */,
				6BA1143519EDEAFE0080576C /* edmPic2.jpg in Resources */,
				6BAA63CB19EC3468007AEFB8 /* Images.xcassets in Resources */,
			);
			runOnlyForDeploymentPostprocessing = 0;
		};
		6BAA63D119EC3468007AEFB8 /* Resources */ = {
			isa = PBXResourcesBuildPhase;
			buildActionMask = 2147483647;
			files = (
			);
			runOnlyForDeploymentPostprocessing = 0;
		};
/* End PBXResourcesBuildPhase section */

/* Begin PBXSourcesBuildPhase section */
		6BAA63B719EC3468007AEFB8 /* Sources */ = {
			isa = PBXSourcesBuildPhase;
			buildActionMask = 2147483647;
			files = (
				6B8464F419EF10C8006E63C5 /* ThumbnailCell.swift in Sources */,
				6BAA63C619EC3468007AEFB8 /* ViewController.swift in Sources */,
				6BA1142F19EDD51A0080576C /* Filter.swift in Sources */,
				6B8464F219EF10B3006E63C5 /* ThumbnailContainer.swift in Sources */,
				6BAA641F19EC42E7007AEFB8 /* GalleryCell.swift in Sources */,
				6BAA63E719EC3C85007AEFB8 /* GalleryViewController.swift in Sources */,
				6BAA63C419EC3468007AEFB8 /* PhotoFilters.xcdatamodeld in Sources */,
				6BAA645819EC8397007AEFB8 /* Footer.swift in Sources */,
				6BAA645619EC8389007AEFB8 /* Header.swift in Sources */,
				6BAA63C119EC3468007AEFB8 /* AppDelegate.swift in Sources */,
			);
			runOnlyForDeploymentPostprocessing = 0;
		};
		6BAA63CF19EC3468007AEFB8 /* Sources */ = {
			isa = PBXSourcesBuildPhase;
			buildActionMask = 2147483647;
			files = (
				6BAA63DA19EC3468007AEFB8 /* PhotoFiltersTests.swift in Sources */,
			);
			runOnlyForDeploymentPostprocessing = 0;
		};
/* End PBXSourcesBuildPhase section */

/* Begin PBXTargetDependency section */
		6BAA63D519EC3468007AEFB8 /* PBXTargetDependency */ = {
			isa = PBXTargetDependency;
			target = 6BAA63BA19EC3468007AEFB8 /* PhotoFilters */;
			targetProxy = 6BAA63D419EC3468007AEFB8 /* PBXContainerItemProxy */;
		};
/* End PBXTargetDependency section */

/* Begin PBXVariantGroup section */
		6BAA63C719EC3468007AEFB8 /* Main.storyboard */ = {
			isa = PBXVariantGroup;
			children = (
				6BAA63C819EC3468007AEFB8 /* Base */,
			);
			name = Main.storyboard;
			sourceTree = "<group>";
		};
		6BAA63CC19EC3468007AEFB8 /* LaunchScreen.xib */ = {
			isa = PBXVariantGroup;
			children = (
				6BAA63CD19EC3468007AEFB8 /* Base */,
			);
			name = LaunchScreen.xib;
			sourceTree = "<group>";
		};
/* End PBXVariantGroup section */

/* Begin XCBuildConfiguration section */
		6BAA63DB19EC3468007AEFB8 /* Debug */ = {
			isa = XCBuildConfiguration;
			buildSettings = {
				ALWAYS_SEARCH_USER_PATHS = NO;
				CLANG_CXX_LANGUAGE_STANDARD = "gnu++0x";
				CLANG_CXX_LIBRARY = "libc++";
				CLANG_ENABLE_MODULES = YES;
				CLANG_ENABLE_OBJC_ARC = YES;
				CLANG_WARN_BOOL_CONVERSION = YES;
				CLANG_WARN_CONSTANT_CONVERSION = YES;
				CLANG_WARN_DIRECT_OBJC_ISA_USAGE = YES_ERROR;
				CLANG_WARN_EMPTY_BODY = YES;
				CLANG_WARN_ENUM_CONVERSION = YES;
				CLANG_WARN_INT_CONVERSION = YES;
				CLANG_WARN_OBJC_ROOT_CLASS = YES_ERROR;
				CLANG_WARN_UNREACHABLE_CODE = YES;
				CLANG_WARN__DUPLICATE_METHOD_MATCH = YES;
				"CODE_SIGN_IDENTITY[sdk=iphoneos*]" = "iPhone Developer";
				COPY_PHASE_STRIP = NO;
				ENABLE_STRICT_OBJC_MSGSEND = YES;
				GCC_C_LANGUAGE_STANDARD = gnu99;
				GCC_DYNAMIC_NO_PIC = NO;
				GCC_OPTIMIZATION_LEVEL = 0;
				GCC_PREPROCESSOR_DEFINITIONS = (
					"DEBUG=1",
					"$(inherited)",
				);
				GCC_SYMBOLS_PRIVATE_EXTERN = NO;
				GCC_WARN_64_TO_32_BIT_CONVERSION = YES;
				GCC_WARN_ABOUT_RETURN_TYPE = YES_ERROR;
				GCC_WARN_UNDECLARED_SELECTOR = YES;
				GCC_WARN_UNINITIALIZED_AUTOS = YES_AGGRESSIVE;
				GCC_WARN_UNUSED_FUNCTION = YES;
				GCC_WARN_UNUSED_VARIABLE = YES;
				IPHONEOS_DEPLOYMENT_TARGET = 8.0;
				MTL_ENABLE_DEBUG_INFO = YES;
				ONLY_ACTIVE_ARCH = YES;
				SDKROOT = iphoneos;
				SWIFT_OPTIMIZATION_LEVEL = "-Onone";
				TARGETED_DEVICE_FAMILY = "1,2";
			};
			name = Debug;
		};
		6BAA63DC19EC3468007AEFB8 /* Release */ = {
			isa = XCBuildConfiguration;
			buildSettings = {
				ALWAYS_SEARCH_USER_PATHS = NO;
				CLANG_CXX_LANGUAGE_STANDARD = "gnu++0x";
				CLANG_CXX_LIBRARY = "libc++";
				CLANG_ENABLE_MODULES = YES;
				CLANG_ENABLE_OBJC_ARC = YES;
				CLANG_WARN_BOOL_CONVERSION = YES;
				CLANG_WARN_CONSTANT_CONVERSION = YES;
				CLANG_WARN_DIRECT_OBJC_ISA_USAGE = YES_ERROR;
				CLANG_WARN_EMPTY_BODY = YES;
				CLANG_WARN_ENUM_CONVERSION = YES;
				CLANG_WARN_INT_CONVERSION = YES;
				CLANG_WARN_OBJC_ROOT_CLASS = YES_ERROR;
				CLANG_WARN_UNREACHABLE_CODE = YES;
				CLANG_WARN__DUPLICATE_METHOD_MATCH = YES;
				"CODE_SIGN_IDENTITY[sdk=iphoneos*]" = "iPhone Developer";
				COPY_PHASE_STRIP = YES;
				ENABLE_NS_ASSERTIONS = NO;
				ENABLE_STRICT_OBJC_MSGSEND = YES;
				GCC_C_LANGUAGE_STANDARD = gnu99;
				GCC_WARN_64_TO_32_BIT_CONVERSION = YES;
				GCC_WARN_ABOUT_RETURN_TYPE = YES_ERROR;
				GCC_WARN_UNDECLARED_SELECTOR = YES;
				GCC_WARN_UNINITIALIZED_AUTOS = YES_AGGRESSIVE;
				GCC_WARN_UNUSED_FUNCTION = YES;
				GCC_WARN_UNUSED_VARIABLE = YES;
				IPHONEOS_DEPLOYMENT_TARGET = 8.0;
				MTL_ENABLE_DEBUG_INFO = NO;
				SDKROOT = iphoneos;
				TARGETED_DEVICE_FAMILY = "1,2";
				VALIDATE_PRODUCT = YES;
			};
			name = Release;
		};
		6BAA63DE19EC3468007AEFB8 /* Debug */ = {
			isa = XCBuildConfiguration;
			buildSettings = {
				ASSETCATALOG_COMPILER_APPICON_NAME = AppIcon;
				INFOPLIST_FILE = PhotoFilters/Info.plist;
				LD_RUNPATH_SEARCH_PATHS = "$(inherited) @executable_path/Frameworks";
				PRODUCT_NAME = "$(TARGET_NAME)";
			};
			name = Debug;
		};
		6BAA63DF19EC3468007AEFB8 /* Release */ = {
			isa = XCBuildConfiguration;
			buildSettings = {
				ASSETCATALOG_COMPILER_APPICON_NAME = AppIcon;
				INFOPLIST_FILE = PhotoFilters/Info.plist;
				LD_RUNPATH_SEARCH_PATHS = "$(inherited) @executable_path/Frameworks";
				PRODUCT_NAME = "$(TARGET_NAME)";
			};
			name = Release;
		};
		6BAA63E119EC3468007AEFB8 /* Debug */ = {
			isa = XCBuildConfiguration;
			buildSettings = {
				BUNDLE_LOADER = "$(TEST_HOST)";
				FRAMEWORK_SEARCH_PATHS = (
					"$(SDKROOT)/Developer/Library/Frameworks",
					"$(inherited)",
				);
				GCC_PREPROCESSOR_DEFINITIONS = (
					"DEBUG=1",
					"$(inherited)",
				);
				INFOPLIST_FILE = PhotoFiltersTests/Info.plist;
				LD_RUNPATH_SEARCH_PATHS = "$(inherited) @executable_path/Frameworks @loader_path/Frameworks";
				PRODUCT_NAME = "$(TARGET_NAME)";
				TEST_HOST = "$(BUILT_PRODUCTS_DIR)/PhotoFilters.app/PhotoFilters";
			};
			name = Debug;
		};
		6BAA63E219EC3468007AEFB8 /* Release */ = {
			isa = XCBuildConfiguration;
			buildSettings = {
				BUNDLE_LOADER = "$(TEST_HOST)";
				FRAMEWORK_SEARCH_PATHS = (
					"$(SDKROOT)/Developer/Library/Frameworks",
					"$(inherited)",
				);
				INFOPLIST_FILE = PhotoFiltersTests/Info.plist;
				LD_RUNPATH_SEARCH_PATHS = "$(inherited) @executable_path/Frameworks @loader_path/Frameworks";
				PRODUCT_NAME = "$(TARGET_NAME)";
				TEST_HOST = "$(BUILT_PRODUCTS_DIR)/PhotoFilters.app/PhotoFilters";
			};
			name = Release;
		};
/* End XCBuildConfiguration section */

/* Begin XCConfigurationList section */
		6BAA63B619EC3468007AEFB8 /* Build configuration list for PBXProject "PhotoFilters" */ = {
			isa = XCConfigurationList;
			buildConfigurations = (
				6BAA63DB19EC3468007AEFB8 /* Debug */,
				6BAA63DC19EC3468007AEFB8 /* Release */,
			);
			defaultConfigurationIsVisible = 0;
			defaultConfigurationName = Release;
		};
		6BAA63DD19EC3468007AEFB8 /* Build configuration list for PBXNativeTarget "PhotoFilters" */ = {
			isa = XCConfigurationList;
			buildConfigurations = (
				6BAA63DE19EC3468007AEFB8 /* Debug */,
				6BAA63DF19EC3468007AEFB8 /* Release */,
			);
			defaultConfigurationIsVisible = 0;
			defaultConfigurationName = Release;
		};
		6BAA63E019EC3468007AEFB8 /* Build configuration list for PBXNativeTarget "PhotoFiltersTests" */ = {
			isa = XCConfigurationList;
			buildConfigurations = (
				6BAA63E119EC3468007AEFB8 /* Debug */,
				6BAA63E219EC3468007AEFB8 /* Release */,
			);
			defaultConfigurationIsVisible = 0;
			defaultConfigurationName = Release;
		};
/* End XCConfigurationList section */

/* Begin XCVersionGroup section */
		6BAA63C219EC3468007AEFB8 /* PhotoFilters.xcdatamodeld */ = {
			isa = XCVersionGroup;
			children = (
				6BAA63C319EC3468007AEFB8 /* PhotoFilters.xcdatamodel */,
			);
			currentVersion = 6BAA63C319EC3468007AEFB8 /* PhotoFilters.xcdatamodel */;
			path = PhotoFilters.xcdatamodeld;
			sourceTree = "<group>";
			versionGroupType = wrapper.xcdatamodel;
		};
/* End XCVersionGroup section */
	};
	rootObject = 6BAA63B319EC3468007AEFB8 /* Project object */;
}
